
Microsoft Visual Studio Solution File, Format Version 12.00
# Visual Studio Version 16
VisualStudioVersion = 16.0.31729.503
MinimumVisualStudioVersion = 10.0.40219.1
Project("{FAE04EC0-301F-11D3-BF4B-00C04F79EFBC}") = "AddressBook-Web-Tests", "AddressBook-Web-Tests\AddressBook-Web-Tests.csproj", "{35BBD372-4048-4560-B628-942476358E7E}"
EndProject
Global
	GlobalSection(SolutionConfigurationPlatforms) = preSolution
		Debug|Any CPU = Debug|Any CPU
		Release|Any CPU = Release|Any CPU
	EndGlobalSection
	GlobalSection(ProjectConfigurationPlatforms) = postSolution
		{35BBD372-4048-4560-B628-942476358E7E}.Debug|Any CPU.ActiveCfg = Debug|Any CPU
		{35BBD372-4048-4560-B628-942476358E7E}.Debug|Any CPU.Build.0 = Debug|Any CPU
		{35BBD372-4048-4560-B628-942476358E7E}.Release|Any CPU.ActiveCfg = Release|Any CPU
		{35BBD372-4048-4560-B628-942476358E7E}.Release|Any CPU.Build.0 = Release|Any CPU
	EndGlobalSection
	GlobalSection(SolutionProperties) = preSolution
		HideSolutionNode = FALSE
	EndGlobalSection
	GlobalSection(ExtensibilityGlobals) = postSolution
		SolutionGuid = {A0B0FD55-7286-4D2C-A212-07D236B8E9C7}
	EndGlobalSection
EndGlobal
